
Microsoft Visual Studio Solution File, Format Version 12.00
# Visual Studio 15
VisualStudioVersion = 15.0.28010.0
MinimumVisualStudioVersion = 10.0.40219.1
Project("{FAE04EC0-301F-11D3-BF4B-00C04F79EFBC}") = "AppEx_calculator.Android", "AppEx_calculator\AppEx_calculator.Android\AppEx_calculator.Android.csproj", "{C7E9C7C5-4CE3-4ED7-A623-0B451823EDC9}"
EndProject
Project("{FAE04EC0-301F-11D3-BF4B-00C04F79EFBC}") = "AppEx_calculator.iOS", "AppEx_calculator\AppEx_calculator.iOS\AppEx_calculator.iOS.csproj", "{20090C49-9D08-4116-9C8E-6B6E084A8CDC}"
EndProject
Project("{FAE04EC0-301F-11D3-BF4B-00C04F79EFBC}") = "AppEx_calculator", "AppEx_calculator\AppEx_calculator\AppEx_calculator.csproj", "{677028F3-631D-4ED2-B85B-B7A40F56D67E}"
EndProject
Global
	GlobalSection(SolutionConfigurationPlatforms) = preSolution
		Ad-Hoc|Any CPU = Ad-Hoc|Any CPU
		Ad-Hoc|iPhone = Ad-Hoc|iPhone
		Ad-Hoc|iPhoneSimulator = Ad-Hoc|iPhoneSimulator
		AppStore|Any CPU = AppStore|Any CPU
		AppStore|iPhone = AppStore|iPhone
		AppStore|iPhoneSimulator = AppStore|iPhoneSimulator
		Debug|Any CPU = Debug|Any CPU
		Debug|iPhone = Debug|iPhone
		Debug|iPhoneSimulator = Debug|iPhoneSimulator
		Release|Any CPU = Release|Any CPU
		Release|iPhone = Release|iPhone
		Release|iPhoneSimulator = Release|iPhoneSimulator
	EndGlobalSection
	GlobalSection(ProjectConfigurationPlatforms) = postSolution
		{C7E9C7C5-4CE3-4ED7-A623-0B451823EDC9}.Ad-Hoc|Any CPU.ActiveCfg = Release|Any CPU
		{C7E9C7C5-4CE3-4ED7-A623-0B451823EDC9}.Ad-Hoc|Any CPU.Build.0 = Release|Any CPU
		{C7E9C7C5-4CE3-4ED7-A623-0B451823EDC9}.Ad-Hoc|Any CPU.Deploy.0 = Release|Any CPU
		{C7E9C7C5-4CE3-4ED7-A623-0B451823EDC9}.Ad-Hoc|iPhone.ActiveCfg = Release|Any CPU
		{C7E9C7C5-4CE3-4ED7-A623-0B451823EDC9}.Ad-Hoc|iPhone.Build.0 = Release|Any CPU
		{C7E9C7C5-4CE3-4ED7-A623-0B451823EDC9}.Ad-Hoc|iPhone.Deploy.0 = Release|Any CPU
		{C7E9C7C5-4CE3-4ED7-A623-0B451823EDC9}.Ad-Hoc|iPhoneSimulator.ActiveCfg = Release|Any CPU
		{C7E9C7C5-4CE3-4ED7-A623-0B451823EDC9}.Ad-Hoc|iPhoneSimulator.Build.0 = Release|Any CPU
		{C7E9C7C5-4CE3-4ED7-A623-0B451823EDC9}.Ad-Hoc|iPhoneSimulator.Deploy.0 = Release|Any CPU
		{C7E9C7C5-4CE3-4ED7-A623-0B451823EDC9}.AppStore|Any CPU.ActiveCfg = Release|Any CPU
		{C7E9C7C5-4CE3-4ED7-A623-0B451823EDC9}.AppStore|Any CPU.Build.0 = Release|Any CPU
		{C7E9C7C5-4CE3-4ED7-A623-0B451823EDC9}.AppStore|Any CPU.Deploy.0 = Release|Any CPU
		{C7E9C7C5-4CE3-4ED7-A623-0B451823EDC9}.AppStore|iPhone.ActiveCfg = Release|Any CPU
		{C7E9C7C5-4CE3-4ED7-A623-0B451823EDC9}.AppStore|iPhone.Build.0 = Release|Any CPU
		{C7E9C7C5-4CE3-4ED7-A623-0B451823EDC9}.AppStore|iPhone.Deploy.0 = Release|Any CPU
		{C7E9C7C5-4CE3-4ED7-A623-0B451823EDC9}.AppStore|iPhoneSimulator.ActiveCfg = Release|Any CPU
		{C7E9C7C5-4CE3-4ED7-A623-0B451823EDC9}.AppStore|iPhoneSimulator.Build.0 = Release|Any CPU
		{C7E9C7C5-4CE3-4ED7-A623-0B451823EDC9}.AppStore|iPhoneSimulator.Deploy.0 = Release|Any CPU
		{C7E9C7C5-4CE3-4ED7-A623-0B451823EDC9}.Debug|Any CPU.ActiveCfg = Debug|Any CPU
		{C7E9C7C5-4CE3-4ED7-A623-0B451823EDC9}.Debug|Any CPU.Build.0 = Debug|Any CPU
		{C7E9C7C5-4CE3-4ED7-A623-0B451823EDC9}.Debug|Any CPU.Deploy.0 = Debug|Any CPU
		{C7E9C7C5-4CE3-4ED7-A623-0B451823EDC9}.Debug|iPhone.ActiveCfg = Debug|Any CPU
		{C7E9C7C5-4CE3-4ED7-A623-0B451823EDC9}.Debug|iPhone.Build.0 = Debug|Any CPU
		{C7E9C7C5-4CE3-4ED7-A623-0B451823EDC9}.Debug|iPhone.Deploy.0 = Debug|Any CPU
		{C7E9C7C5-4CE3-4ED7-A623-0B451823EDC9}.Debug|iPhoneSimulator.ActiveCfg = Debug|Any CPU
		{C7E9C7C5-4CE3-4ED7-A623-0B451823EDC9}.Debug|iPhoneSimulator.Build.0 = Debug|Any CPU
		{C7E9C7C5-4CE3-4ED7-A623-0B451823EDC9}.Debug|iPhoneSimulator.Deploy.0 = Debug|Any CPU
		{C7E9C7C5-4CE3-4ED7-A623-0B451823EDC9}.Release|Any CPU.ActiveCfg = Release|Any CPU
		{C7E9C7C5-4CE3-4ED7-A623-0B451823EDC9}.Release|Any CPU.Build.0 = Release|Any CPU
		{C7E9C7C5-4CE3-4ED7-A623-0B451823EDC9}.Release|Any CPU.Deploy.0 = Release|Any CPU
		{C7E9C7C5-4CE3-4ED7-A623-0B451823EDC9}.Release|iPhone.ActiveCfg = Release|Any CPU
		{C7E9C7C5-4CE3-4ED7-A623-0B451823EDC9}.Release|iPhone.Build.0 = Release|Any CPU
		{C7E9C7C5-4CE3-4ED7-A623-0B451823EDC9}.Release|iPhone.Deploy.0 = Release|Any CPU
		{C7E9C7C5-4CE3-4ED7-A623-0B451823EDC9}.Release|iPhoneSimulator.ActiveCfg = Release|Any CPU
		{C7E9C7C5-4CE3-4ED7-A623-0B451823EDC9}.Release|iPhoneSimulator.Build.0 = Release|Any CPU
		{C7E9C7C5-4CE3-4ED7-A623-0B451823EDC9}.Release|iPhoneSimulator.Deploy.0 = Release|Any CPU
		{20090C49-9D08-4116-9C8E-6B6E084A8CDC}.Ad-Hoc|Any CPU.ActiveCfg = Ad-Hoc|iPhone
		{20090C49-9D08-4116-9C8E-6B6E084A8CDC}.Ad-Hoc|Any CPU.Build.0 = Ad-Hoc|iPhone
		{20090C49-9D08-4116-9C8E-6B6E084A8CDC}.Ad-Hoc|Any CPU.Deploy.0 = Ad-Hoc|iPhone
		{20090C49-9D08-4116-9C8E-6B6E084A8CDC}.Ad-Hoc|iPhone.ActiveCfg = Ad-Hoc|iPhone
		{20090C49-9D08-4116-9C8E-6B6E084A8CDC}.Ad-Hoc|iPhone.Build.0 = Ad-Hoc|iPhone
		{20090C49-9D08-4116-9C8E-6B6E084A8CDC}.Ad-Hoc|iPhone.Deploy.0 = Ad-Hoc|iPhone
		{20090C49-9D08-4116-9C8E-6B6E084A8CDC}.Ad-Hoc|iPhoneSimulator.ActiveCfg = Ad-Hoc|iPhoneSimulator
		{20090C49-9D08-4116-9C8E-6B6E084A8CDC}.Ad-Hoc|iPhoneSimulator.Build.0 = Ad-Hoc|iPhoneSimulator
		{20090C49-9D08-4116-9C8E-6B6E084A8CDC}.Ad-Hoc|iPhoneSimulator.Deploy.0 = Ad-Hoc|iPhoneSimulator
		{20090C49-9D08-4116-9C8E-6B6E084A8CDC}.AppStore|Any CPU.ActiveCfg = AppStore|iPhone
		{20090C49-9D08-4116-9C8E-6B6E084A8CDC}.AppStore|Any CPU.Build.0 = AppStore|iPhone
		{20090C49-9D08-4116-9C8E-6B6E084A8CDC}.AppStore|Any CPU.Deploy.0 = AppStore|iPhone
		{20090C49-9D08-4116-9C8E-6B6E084A8CDC}.AppStore|iPhone.ActiveCfg = AppStore|iPhone
		{20090C49-9D08-4116-9C8E-6B6E084A8CDC}.AppStore|iPhone.Build.0 = AppStore|iPhone
		{20090C49-9D08-4116-9C8E-6B6E084A8CDC}.AppStore|iPhone.Deploy.0 = AppStore|iPhone
		{20090C49-9D08-4116-9C8E-6B6E084A8CDC}.AppStore|iPhoneSimulator.ActiveCfg = AppStore|iPhoneSimulator
		{20090C49-9D08-4116-9C8E-6B6E084A8CDC}.AppStore|iPhoneSimulator.Build.0 = AppStore|iPhoneSimulator
		{20090C49-9D08-4116-9C8E-6B6E084A8CDC}.AppStore|iPhoneSimulator.Deploy.0 = AppStore|iPhoneSimulator
		{20090C49-9D08-4116-9C8E-6B6E084A8CDC}.Debug|Any CPU.ActiveCfg = Debug|iPhone
		{20090C49-9D08-4116-9C8E-6B6E084A8CDC}.Debug|Any CPU.Build.0 = Debug|iPhone
		{20090C49-9D08-4116-9C8E-6B6E084A8CDC}.Debug|Any CPU.Deploy.0 = Debug|iPhone
		{20090C49-9D08-4116-9C8E-6B6E084A8CDC}.Debug|iPhone.ActiveCfg = Debug|iPhone
		{20090C49-9D08-4116-9C8E-6B6E084A8CDC}.Debug|iPhone.Build.0 = Debug|iPhone
		{20090C49-9D08-4116-9C8E-6B6E084A8CDC}.Debug|iPhone.Deploy.0 = Debug|iPhone
		{20090C49-9D08-4116-9C8E-6B6E084A8CDC}.Debug|iPhoneSimulator.ActiveCfg = Debug|iPhoneSimulator
		{20090C49-9D08-4116-9C8E-6B6E084A8CDC}.Debug|iPhoneSimulator.Build.0 = Debug|iPhoneSimulator
		{20090C49-9D08-4116-9C8E-6B6E084A8CDC}.Debug|iPhoneSimulator.Deploy.0 = Debug|iPhoneSimulator
		{20090C49-9D08-4116-9C8E-6B6E084A8CDC}.Release|Any CPU.ActiveCfg = Release|iPhone
		{20090C49-9D08-4116-9C8E-6B6E084A8CDC}.Release|Any CPU.Build.0 = Release|iPhone
		{20090C49-9D08-4116-9C8E-6B6E084A8CDC}.Release|Any CPU.Deploy.0 = Release|iPhone
		{20090C49-9D08-4116-9C8E-6B6E084A8CDC}.Release|iPhone.ActiveCfg = Release|iPhone
		{20090C49-9D08-4116-9C8E-6B6E084A8CDC}.Release|iPhone.Build.0 = Release|iPhone
		{20090C49-9D08-4116-9C8E-6B6E084A8CDC}.Release|iPhone.Deploy.0 = Release|iPhone
		{20090C49-9D08-4116-9C8E-6B6E084A8CDC}.Release|iPhoneSimulator.ActiveCfg = Release|iPhoneSimulator
		{20090C49-9D08-4116-9C8E-6B6E084A8CDC}.Release|iPhoneSimulator.Build.0 = Release|iPhoneSimulator
		{20090C49-9D08-4116-9C8E-6B6E084A8CDC}.Release|iPhoneSimulator.Deploy.0 = Release|iPhoneSimulator
		{677028F3-631D-4ED2-B85B-B7A40F56D67E}.Ad-Hoc|Any CPU.ActiveCfg = Debug|Any CPU
		{677028F3-631D-4ED2-B85B-B7A40F56D67E}.Ad-Hoc|Any CPU.Build.0 = Debug|Any CPU
		{677028F3-631D-4ED2-B85B-B7A40F56D67E}.Ad-Hoc|Any CPU.Deploy.0 = Debug|Any CPU
		{677028F3-631D-4ED2-B85B-B7A40F56D67E}.Ad-Hoc|iPhone.ActiveCfg = Debug|Any CPU
		{677028F3-631D-4ED2-B85B-B7A40F56D67E}.Ad-Hoc|iPhone.Build.0 = Debug|Any CPU
		{677028F3-631D-4ED2-B85B-B7A40F56D67E}.Ad-Hoc|iPhone.Deploy.0 = Debug|Any CPU
		{677028F3-631D-4ED2-B85B-B7A40F56D67E}.Ad-Hoc|iPhoneSimulator.ActiveCfg = Debug|Any CPU
		{677028F3-631D-4ED2-B85B-B7A40F56D67E}.Ad-Hoc|iPhoneSimulator.Build.0 = Debug|Any CPU
		{677028F3-631D-4ED2-B85B-B7A40F56D67E}.Ad-Hoc|iPhoneSimulator.Deploy.0 = Debug|Any CPU
		{677028F3-631D-4ED2-B85B-B7A40F56D67E}.AppStore|Any CPU.ActiveCfg = Debug|Any CPU
		{677028F3-631D-4ED2-B85B-B7A40F56D67E}.AppStore|Any CPU.Build.0 = Debug|Any CPU
		{677028F3-631D-4ED2-B85B-B7A40F56D67E}.AppStore|Any CPU.Deploy.0 = Debug|Any CPU
		{677028F3-631D-4ED2-B85B-B7A40F56D67E}.AppStore|iPhone.ActiveCfg = Debug|Any CPU
		{677028F3-631D-4ED2-B85B-B7A40F56D67E}.AppStore|iPhone.Build.0 = Debug|Any CPU
		{677028F3-631D-4ED2-B85B-B7A40F56D67E}.AppStore|iPhone.Deploy.0 = Debug|Any CPU
		{677028F3-631D-4ED2-B85B-B7A40F56D67E}.AppStore|iPhoneSimulator.ActiveCfg = Debug|Any CPU
		{677028F3-631D-4ED2-B85B-B7A40F56D67E}.AppStore|iPhoneSimulator.Build.0 = Debug|Any CPU
		{677028F3-631D-4ED2-B85B-B7A40F56D67E}.AppStore|iPhoneSimulator.Deploy.0 = Debug|Any CPU
		{677028F3-631D-4ED2-B85B-B7A40F56D67E}.Debug|Any CPU.ActiveCfg = Debug|Any CPU
		{677028F3-631D-4ED2-B85B-B7A40F56D67E}.Debug|Any CPU.Build.0 = Debug|Any CPU
		{677028F3-631D-4ED2-B85B-B7A40F56D67E}.Debug|Any CPU.Deploy.0 = Debug|Any CPU
		{677028F3-631D-4ED2-B85B-B7A40F56D67E}.Debug|iPhone.ActiveCfg = Debug|Any CPU
		{677028F3-631D-4ED2-B85B-B7A40F56D67E}.Debug|iPhone.Build.0 = Debug|Any CPU
		{677028F3-631D-4ED2-B85B-B7A40F56D67E}.Debug|iPhone.Deploy.0 = Debug|Any CPU
		{677028F3-631D-4ED2-B85B-B7A40F56D67E}.Debug|iPhoneSimulator.ActiveCfg = Debug|Any CPU
		{677028F3-631D-4ED2-B85B-B7A40F56D67E}.Debug|iPhoneSimulator.Build.0 = Debug|Any CPU
		{677028F3-631D-4ED2-B85B-B7A40F56D67E}.Debug|iPhoneSimulator.Deploy.0 = Debug|Any CPU
		{677028F3-631D-4ED2-B85B-B7A40F56D67E}.Release|Any CPU.ActiveCfg = Release|Any CPU
		{677028F3-631D-4ED2-B85B-B7A40F56D67E}.Release|Any CPU.Build.0 = Release|Any CPU
		{677028F3-631D-4ED2-B85B-B7A40F56D67E}.Release|Any CPU.Deploy.0 = Release|Any CPU
		{677028F3-631D-4ED2-B85B-B7A40F56D67E}.Release|iPhone.ActiveCfg = Release|Any CPU
		{677028F3-631D-4ED2-B85B-B7A40F56D67E}.Release|iPhone.Build.0 = Release|Any CPU
		{677028F3-631D-4ED2-B85B-B7A40F56D67E}.Release|iPhone.Deploy.0 = Release|Any CPU
		{677028F3-631D-4ED2-B85B-B7A40F56D67E}.Release|iPhoneSimulator.ActiveCfg = Release|Any CPU
		{677028F3-631D-4ED2-B85B-B7A40F56D67E}.Release|iPhoneSimulator.Build.0 = Release|Any CPU
		{677028F3-631D-4ED2-B85B-B7A40F56D67E}.Release|iPhoneSimulator.Deploy.0 = Release|Any CPU
	EndGlobalSection
	GlobalSection(SolutionProperties) = preSolution
		HideSolutionNode = FALSE
	EndGlobalSection
	GlobalSection(ExtensibilityGlobals) = postSolution
		SolutionGuid = {4B2AEDA2-C7DC-4669-8375-20765D43723D}
	EndGlobalSection
EndGlobal
